
Microsoft Visual Studio Solution File, Format Version 12.00
# Visual Studio 14
VisualStudioVersion = 14.0.25123.0
MinimumVisualStudioVersion = 10.0.40219.1
Project("{FAE04EC0-301F-11D3-BF4B-00C04F79EFBC}") = "BackSafe.Servicio", "BackSafe.Servicio\BackSafe.Servicio.csproj", "{47AF44E1-9197-4455-A187-69CF393039E3}"
EndProject
Global
	GlobalSection(SolutionConfigurationPlatforms) = preSolution
		Debug|Any CPU = Debug|Any CPU
		Release|Any CPU = Release|Any CPU
	EndGlobalSection
	GlobalSection(ProjectConfigurationPlatforms) = postSolution
		{47AF44E1-9197-4455-A187-69CF393039E3}.Debug|Any CPU.ActiveCfg = Debug|Any CPU
		{47AF44E1-9197-4455-A187-69CF393039E3}.Debug|Any CPU.Build.0 = Debug|Any CPU
		{47AF44E1-9197-4455-A187-69CF393039E3}.Release|Any CPU.ActiveCfg = Release|Any CPU
		{47AF44E1-9197-4455-A187-69CF393039E3}.Release|Any CPU.Build.0 = Release|Any CPU
	EndGlobalSection
	GlobalSection(SolutionProperties) = preSolution
		HideSolutionNode = FALSE
	EndGlobalSection
EndGlobal
